{
  "name": "home",
  "version": "1.0.0",
  "lockfileVersion": 2,
  "requires": true,
  "packages": {
    "": {
      "version": "1.0.0",
      "license": "ISC",
      "dependencies": {
        "sass-autoprefixer": "^1.0.1"
      }
    },
    "node_modules/sass-autoprefixer": {
      "version": "1.0.1",
      "resolved": "https://registry.npmjs.org/sass-autoprefixer/-/sass-autoprefixer-1.0.1.tgz",
      "integrity": "sha1-3RDT6rumU49Vl8HTvHMdPv4C4Vg="
    }
  },
  "dependencies": {
    "sass-autoprefixer": {
      "version": "1.0.1",
      "resolved": "https://registry.npmjs.org/sass-autoprefixer/-/sass-autoprefixer-1.0.1.tgz",
      "integrity": "sha1-3RDT6rumU49Vl8HTvHMdPv4C4Vg="
    }
  }
}
